
Microsoft Visual Studio Solution File, Format Version 12.00
# Visual Studio Version 16
VisualStudioVersion = 16.0.30104.148
MinimumVisualStudioVersion = 10.0.40219.1
Project("{8BC9CEB8-8B4A-11D0-8D11-00A0C91BC942}") = "Stegano", "Stegano\Stegano.vcxproj", "{BDA7C264-4E94-4F48-ACF0-05735568EB8C}"
EndProject
Global
	GlobalSection(SolutionConfigurationPlatforms) = preSolution
		Debug|x64 = Debug|x64
		Debug|x86 = Debug|x86
		Release|x64 = Release|x64
		Release|x86 = Release|x86
	EndGlobalSection
	GlobalSection(ProjectConfigurationPlatforms) = postSolution
		{BDA7C264-4E94-4F48-ACF0-05735568EB8C}.Debug|x64.ActiveCfg = Debug|x64
		{BDA7C264-4E94-4F48-ACF0-05735568EB8C}.Debug|x64.Build.0 = Debug|x64
		{BDA7C264-4E94-4F48-ACF0-05735568EB8C}.Debug|x86.ActiveCfg = Debug|Win32
		{BDA7C264-4E94-4F48-ACF0-05735568EB8C}.Debug|x86.Build.0 = Debug|Win32
		{BDA7C264-4E94-4F48-ACF0-05735568EB8C}.Release|x64.ActiveCfg = Release|x64
		{BDA7C264-4E94-4F48-ACF0-05735568EB8C}.Release|x64.Build.0 = Release|x64
		{BDA7C264-4E94-4F48-ACF0-05735568EB8C}.Release|x86.ActiveCfg = Release|Win32
		{BDA7C264-4E94-4F48-ACF0-05735568EB8C}.Release|x86.Build.0 = Release|Win32
	EndGlobalSection
	GlobalSection(SolutionProperties) = preSolution
		HideSolutionNode = FALSE
	EndGlobalSection
	GlobalSection(ExtensibilityGlobals) = postSolution
		SolutionGuid = {796C4BA2-D355-48FF-8355-7D45693EEDD4}
	EndGlobalSection
EndGlobal
